dependencies:
- name: qdrant
  repository: https://qdrant.github.io/qdrant-helm
  version: 1.15.5
- name: ollama
  repository: https://otwld.github.io/ollama-helm
  version: 1.34.0
digest: sha256:d51c97d05be2614b751c0dd7267ef7dc959eff5ebef859c5f895c5c554b7a874
generated: "2025-11-09T17:08:02.86648061Z"
